// !$*UTF8*$!
{
	archiveVersion = 1;
	classes = {
	};
	objectVersion = 46;
	objects = {

/* Begin PBXBuildFile section */
		98CFE7141827A534001A1847 /* Foundation.framework in Frameworks */ = {isa = PBXBuildFile; fileRef = 98CFE7131827A534001A1847 /* Foundation.framework */; };
		98CFE7161827A534001A1847 /* CoreGraphics.framework in Frameworks */ = {isa = PBXBuildFile; fileRef = 98CFE7151827A534001A1847 /* CoreGraphics.framework */; };
		98CFE7181827A534001A1847 /* UIKit.framework in Frameworks */ = {isa = PBXBuildFile; fileRef = 98CFE7171827A534001A1847 /* UIKit.framework */; };
		98CFE71E1827A535001A1847 /* InfoPlist.strings in Resources */ = {isa = PBXBuildFile; fileRef = 98CFE71C1827A535001A1847 /* InfoPlist.strings */; };
		98CFE7201827A535001A1847 /* main.m in Sources */ = {isa = PBXBuildFile; fileRef = 98CFE71F1827A535001A1847 /* main.m */; };
		98CFE7241827A535001A1847 /* AppDelegate.m in Sources */ = {isa = PBXBuildFile; fileRef = 98CFE7231827A535001A1847 /* AppDelegate.m */; };
		98CFE7271827A535001A1847 /* Main_iPhone.storyboard in Resources */ = {isa = PBXBuildFile; fileRef = 98CFE7251827A535001A1847 /* Main_iPhone.storyboard */; };
		98CFE72A1827A535001A1847 /* Main_iPad.storyboard in Resources */ = {isa = PBXBuildFile; fileRef = 98CFE7281827A535001A1847 /* Main_iPad.storyboard */; };
		98CFE72D1827A535001A1847 /* ViewController.m in Sources */ = {isa = PBXBuildFile; fileRef = 98CFE72C1827A535001A1847 /* ViewController.m */; };
		98CFE72F1827A535001A1847 /* Images.xcassets in Resources */ = {isa = PBXBuildFile; fileRef = 98CFE72E1827A535001A1847 /* Images.xcassets */; };
		98CFE7361827A535001A1847 /* XCTest.framework in Frameworks */ = {isa = PBXBuildFile; fileRef = 98CFE7351827A535001A1847 /* XCTest.framework */; };
		98CFE7371827A535001A1847 /* Foundation.framework in Frameworks */ = {isa = PBXBuildFile; fileRef = 98CFE7131827A534001A1847 /* Foundation.framework */; };
		98CFE7381827A535001A1847 /* UIKit.framework in Frameworks */ = {isa = PBXBuildFile; fileRef = 98CFE7171827A534001A1847 /* UIKit.framework */; };
		98CFE7401827A535001A1847 /* InfoPlist.strings in Resources */ = {isa = PBXBuildFile; fileRef = 98CFE73E1827A535001A1847 /* InfoPlist.strings */; };
		98CFE7421827A535001A1847 /* SampleShareKitTests.m in Sources */ = {isa = PBXBuildFile; fileRef = 98CFE7411827A535001A1847 /* SampleShareKitTests.m */; };
		98CFE7D11827AB53001A1847 /* libShareKit.a in Frameworks */ = {isa = PBXBuildFile; fileRef = 98CFE77A1827AB06001A1847 /* libShareKit.a */; };
		98CFE7D21827AB67001A1847 /* ShareKit.bundle in Resources */ = {isa = PBXBuildFile; fileRef = 98CFE77C1827AB06001A1847 /* ShareKit.bundle */; };
		98CFE7D41827ABC9001A1847 /* SystemConfiguration.framework in Frameworks */ = {isa = PBXBuildFile; fileRef = 98CFE7D31827ABC9001A1847 /* SystemConfiguration.framework */; };
		98CFE7D61827ABD4001A1847 /* Security.framework in Frameworks */ = {isa = PBXBuildFile; fileRef = 98CFE7D51827ABD4001A1847 /* Security.framework */; };
		98CFE7D81827ABDD001A1847 /* MessageUI.framework in Frameworks */ = {isa = PBXBuildFile; fileRef = 98CFE7D71827ABDD001A1847 /* MessageUI.framework */; };
		98CFE7DA1827ABE4001A1847 /* MobileCoreServices.framework in Frameworks */ = {isa = PBXBuildFile; fileRef = 98CFE7D91827ABE4001A1847 /* MobileCoreServices.framework */; };
		98CFE7DC1827ABED001A1847 /* CoreMedia.framework in Frameworks */ = {isa = PBXBuildFile; fileRef = 98CFE7DB1827ABED001A1847 /* CoreMedia.framework */; };
		98CFE7DE1827ABF8001A1847 /* AVFoundation.framework in Frameworks */ = {isa = PBXBuildFile; fileRef = 98CFE7DD1827ABF8001A1847 /* AVFoundation.framework */; };
		98CFE7E01827AC00001A1847 /* CFNetwork.framework in Frameworks */ = {isa = PBXBuildFile; fileRef = 98CFE7DF1827AC00001A1847 /* CFNetwork.framework */; };
		98CFE7E21827AC07001A1847 /* CoreLocation.framework in Frameworks */ = {isa = PBXBuildFile; fileRef = 98CFE7E11827AC07001A1847 /* CoreLocation.framework */; };
		98CFE7E41827AC0F001A1847 /* Twitter.framework in Frameworks */ = {isa = PBXBuildFile; fileRef = 98CFE7E31827AC0F001A1847 /* Twitter.framework */; settings = {ATTRIBUTES = (Weak, ); }; };
		98CFE7E61827AC1B001A1847 /* AdSupport.framework in Frameworks */ = {isa = PBXBuildFile; fileRef = 98CFE7E51827AC1B001A1847 /* AdSupport.framework */; settings = {ATTRIBUTES = (Weak, ); }; };
		98CFE7E81827AC2A001A1847 /* Accounts.framework in Frameworks */ = {isa = PBXBuildFile; fileRef = 98CFE7E71827AC2A001A1847 /* Accounts.framework */; settings = {ATTRIBUTES = (Weak, ); }; };
		98CFE7EA1827AC3C001A1847 /* libsqlite3.dylib in Frameworks */ = {isa = PBXBuildFile; fileRef = 98CFE7E91827AC3C001A1847 /* libsqlite3.dylib */; settings = {ATTRIBUTES = (Weak, ); }; };
		98CFE7EC1827AC4B001A1847 /* Social.framework in Frameworks */ = {isa = PBXBuildFile; fileRef = 98CFE7EB1827AC4B001A1847 /* Social.framework */; settings = {ATTRIBUTES = (Weak, ); }; };
		98CFE7EE1827AC60001A1847 /* StoreKit.framework in Frameworks */ = {isa = PBXBuildFile; fileRef = 98CFE7ED1827AC60001A1847 /* StoreKit.framework */; settings = {ATTRIBUTES = (Weak, ); }; };
		98CFE7F01827AC6F001A1847 /* libxml2.dylib in Frameworks */ = {isa = PBXBuildFile; fileRef = 98CFE7EF1827AC6F001A1847 /* libxml2.dylib */; };
		98CFE7F21827AC83001A1847 /* QuartzCore.framework in Frameworks */ = {isa = PBXBuildFile; fileRef = 98CFE7F11827AC83001A1847 /* QuartzCore.framework */; };
		98CFE7F41827AC8C001A1847 /* MediaPlayer.framework in Frameworks */ = {isa = PBXBuildFile; fileRef = 98CFE7F31827AC8C001A1847 /* MediaPlayer.framework */; };
		98CFE7F61827AC94001A1847 /* AssetsLibrary.framework in Frameworks */ = {isa = PBXBuildFile; fileRef = 98CFE7F51827AC94001A1847 /* AssetsLibrary.framework */; };
		98CFE7F81827AC99001A1847 /* CoreText.framework in Frameworks */ = {isa = PBXBuildFile; fileRef = 98CFE7F71827AC99001A1847 /* CoreText.framework */; };
		98CFE7FA1827AC9F001A1847 /* CoreMotion.framework in Frameworks */ = {isa = PBXBuildFile; fileRef = 98CFE7F91827AC9F001A1847 /* CoreMotion.framework */; };
		98CFE7FC1827ACA6001A1847 /* ImageIO.framework in Frameworks */ = {isa = PBXBuildFile; fileRef = 98CFE7FB1827ACA6001A1847 /* ImageIO.framework */; };
		98CFE8001827ACC5001A1847 /* DropboxSDK.framework in Frameworks */ = {isa = PBXBuildFile; fileRef = 98CFE7FD1827ACC5001A1847 /* DropboxSDK.framework */; };
		98CFE8011827ACC6001A1847 /* FacebookSDK.framework in Frameworks */ = {isa = PBXBuildFile; fileRef = 98CFE7FE1827ACC5001A1847 /* FacebookSDK.framework */; };
		98CFE8021827ACC6001A1847 /* GooglePlus.framework in Frameworks */ = {isa = PBXBuildFile; fileRef = 98CFE7FF1827ACC5001A1847 /* GooglePlus.framework */; };
		98CFE8061827ACDC001A1847 /* GTMOAuth2ViewTouch.xib in Resources */ = {isa = PBXBuildFile; fileRef = 98CFE8031827ACDC001A1847 /* GTMOAuth2ViewTouch.xib */; };
		98CFE80B1827AFD3001A1847 /* SHKConfigurattorSample.m in Sources */ = {isa = PBXBuildFile; fileRef = 98CFE80A1827AFD3001A1847 /* SHKConfigurattorSample.m */; };
/* End PBXBuildFile section */

/* Begin PBXContainerItemProxy section */
		98CFE7391827A535001A1847 /* PBXContainerItemProxy */ = {
			isa = PBXContainerItemProxy;
			containerPortal = 98CFE7081827A534001A1847 /* Project object */;
			proxyType = 1;
			remoteGlobalIDString = 98CFE70F1827A534001A1847;
			remoteInfo = SampleShareKit;
		};
		98CFE7791827AB06001A1847 /* PBXContainerItemProxy */ = {
			isa = PBXContainerItemProxy;
			containerPortal = 98CFE74B1827AB01001A1847 /* ShareKit.xcodeproj */;
			proxyType = 2;
			remoteGlobalIDString = 7AB5342E1552AADD00171BCE;
			remoteInfo = "Static Library";
		};
		98CFE77B1827AB06001A1847 /* PBXContainerItemProxy */ = {
			isa = PBXContainerItemProxy;
			containerPortal = 98CFE74B1827AB01001A1847 /* ShareKit.xcodeproj */;
			proxyType = 2;
			remoteGlobalIDString = 7AB5360F1552E26800171BCE;
			remoteInfo = "Resource Bundle";
		};
		98CFE77D1827AB06001A1847 /* PBXContainerItemProxy */ = {
			isa = PBXContainerItemProxy;
			containerPortal = 98CFE74B1827AB01001A1847 /* ShareKit.xcodeproj */;
			proxyType = 2;
			remoteGlobalIDString = 7A0F9246156BA2A0009CB40A;
			remoteInfo = "Static Library Core";
		};
		98CFE77F1827AB06001A1847 /* PBXContainerItemProxy */ = {
			isa = PBXContainerItemProxy;
			containerPortal = 98CFE74B1827AB01001A1847 /* ShareKit.xcodeproj */;
			proxyType = 2;
			remoteGlobalIDString = 7A1AFCC0160E11F90086B98A;
			remoteInfo = SSKeyChain;
		};
		98CFE7811827AB06001A1847 /* PBXContainerItemProxy */ = {
			isa = PBXContainerItemProxy;
			containerPortal = 98CFE74B1827AB01001A1847 /* ShareKit.xcodeproj */;
			proxyType = 2;
			remoteGlobalIDString = 7A16F37E161340DD0019645D;
			remoteInfo = OAuth;
		};
		98CFE7831827AB06001A1847 /* PBXContainerItemProxy */ = {
			isa = PBXContainerItemProxy;
			containerPortal = 98CFE74B1827AB01001A1847 /* ShareKit.xcodeproj */;
			proxyType = 2;
			remoteGlobalIDString = 7A1AFCD1160E123C0086B98A;
			remoteInfo = Reachability;
		};
		98CFE7851827AB06001A1847 /* PBXContainerItemProxy */ = {
			isa = PBXContainerItemProxy;
			containerPortal = 98CFE74B1827AB01001A1847 /* ShareKit.xcodeproj */;
			proxyType = 2;
			remoteGlobalIDString = AABBECD2162F0756009D46E4;
			remoteInfo = Copy;
		};
		98CFE7871827AB06001A1847 /* PBXContainerItemProxy */ = {
			isa = PBXContainerItemProxy;
			containerPortal = 98CFE74B1827AB01001A1847 /* ShareKit.xcodeproj */;
			proxyType = 2;
			remoteGlobalIDString = AABBECDB162F0779009D46E4;
			remoteInfo = Email;
		};
		98CFE7891827AB06001A1847 /* PBXContainerItemProxy */ = {
			isa = PBXContainerItemProxy;
			containerPortal = 98CFE74B1827AB01001A1847 /* ShareKit.xcodeproj */;
			proxyType = 2;
			remoteGlobalIDString = AABBECC9162F0719009D46E4;
			remoteInfo = Logout;
		};
		98CFE78B1827AB06001A1847 /* PBXContainerItemProxy */ = {
			isa = PBXContainerItemProxy;
			containerPortal = 98CFE74B1827AB01001A1847 /* ShareKit.xcodeproj */;
			proxyType = 2;
			remoteGlobalIDString = AABBECE4162F07B4009D46E4;
			remoteInfo = "Open in Safari";
		};
		98CFE78D1827AB06001A1847 /* PBXContainerItemProxy */ = {
			isa = PBXContainerItemProxy;
			containerPortal = 98CFE74B1827AB01001A1847 /* ShareKit.xcodeproj */;
			proxyType = 2;
			remoteGlobalIDString = AABBECBE162F063F009D46E4;
			remoteInfo = Print;
		};
		98CFE78F1827AB06001A1847 /* PBXContainerItemProxy */ = {
			isa = PBXContainerItemProxy;
			containerPortal = 98CFE74B1827AB01001A1847 /* ShareKit.xcodeproj */;
			proxyType = 2;
			remoteGlobalIDString = AABBECED162F07DF009D46E4;
			remoteInfo = "Save to Album";
		};
		98CFE7911827AB06001A1847 /* PBXContainerItemProxy */ = {
			isa = PBXContainerItemProxy;
			containerPortal = 98CFE74B1827AB01001A1847 /* ShareKit.xcodeproj */;
			proxyType = 2;
			remoteGlobalIDString = AABBECF6162F080F009D46E4;
			remoteInfo = "Text Message";
		};
		98CFE7931827AB06001A1847 /* PBXContainerItemProxy */ = {
			isa = PBXContainerItemProxy;
			containerPortal = 98CFE74B1827AB01001A1847 /* ShareKit.xcodeproj */;
			proxyType = 2;
			remoteGlobalIDString = AABBED08162F0858009D46E4;
			remoteInfo = Delicious;
		};
		98CFE7951827AB06001A1847 /* PBXContainerItemProxy */ = {
			isa = PBXContainerItemProxy;
			containerPortal = 98CFE74B1827AB01001A1847 /* ShareKit.xcodeproj */;
			proxyType = 2;
			remoteGlobalIDString = AABBED11162F087F009D46E4;
			remoteInfo = Diigo;
		};
		98CFE7971827AB06001A1847 /* PBXContainerItemProxy */ = {
			isa = PBXContainerItemProxy;
			containerPortal = 98CFE74B1827AB01001A1847 /* ShareKit.xcodeproj */;
			proxyType = 2;
			remoteGlobalIDString = AABBED24162F08E6009D46E4;
			remoteInfo = Evernote;
		};
		98CFE7991827AB06001A1847 /* PBXContainerItemProxy */ = {
			isa = PBXContainerItemProxy;
			containerPortal = 98CFE74B1827AB01001A1847 /* ShareKit.xcodeproj */;
			proxyType = 2;
			remoteGlobalIDString = 7A1AFCE2160E127B0086B98A;
			remoteInfo = "Evernote SDK";
		};
		98CFE79B1827AB06001A1847 /* PBXContainerItemProxy */ = {
			isa = PBXContainerItemProxy;
			containerPortal = 98CFE74B1827AB01001A1847 /* ShareKit.xcodeproj */;
			proxyType = 2;
			remoteGlobalIDString = AABBED37162F0B65009D46E4;
			remoteInfo = Facebook;
		};
		98CFE79D1827AB06001A1847 /* PBXContainerItemProxy */ = {
			isa = PBXContainerItemProxy;
			containerPortal = 98CFE74B1827AB01001A1847 /* ShareKit.xcodeproj */;
			proxyType = 2;
			remoteGlobalIDString = AABBED46162F0B86009D46E4;
			remoteInfo = FoursquareV2;
		};
		98CFE79F1827AB06001A1847 /* PBXContainerItemProxy */ = {
			isa = PBXContainerItemProxy;
			containerPortal = 98CFE74B1827AB01001A1847 /* ShareKit.xcodeproj */;
			proxyType = 2;
			remoteGlobalIDString = AABBED50162F0BA7009D46E4;
			remoteInfo = Flickr;
		};
		98CFE7A11827AB06001A1847 /* PBXContainerItemProxy */ = {
			isa = PBXContainerItemProxy;
			containerPortal = 98CFE74B1827AB01001A1847 /* ShareKit.xcodeproj */;
			proxyType = 2;
			remoteGlobalIDString = 7A1AFD24160E13740086B98A;
			remoteInfo = "Flickr SDK";
		};
		98CFE7A31827AB06001A1847 /* PBXContainerItemProxy */ = {
			isa = PBXContainerItemProxy;
			containerPortal = 98CFE74B1827AB01001A1847 /* ShareKit.xcodeproj */;
			proxyType = 2;
			remoteGlobalIDString = 4503EBC0169104470057294C;
			remoteInfo = "Google Plus";
		};
		98CFE7A51827AB06001A1847 /* PBXContainerItemProxy */ = {
			isa = PBXContainerItemProxy;
			containerPortal = 98CFE74B1827AB01001A1847 /* ShareKit.xcodeproj */;
			proxyType = 2;
			remoteGlobalIDString = 7AA83BF91705E355009C483A;
			remoteInfo = "Google Plus SDK";
		};
		98CFE7A71827AB06001A1847 /* PBXContainerItemProxy */ = {
			isa = PBXContainerItemProxy;
			containerPortal = 98CFE74B1827AB01001A1847 /* ShareKit.xcodeproj */;
			proxyType = 2;
			remoteGlobalIDString = 7A16F3C216134A890019645D;
			remoteInfo = Instagram;
		};
		98CFE7A91827AB06001A1847 /* PBXContainerItemProxy */ = {
			isa = PBXContainerItemProxy;
			containerPortal = 98CFE74B1827AB01001A1847 /* ShareKit.xcodeproj */;
			proxyType = 2;
			remoteGlobalIDString = AABBED62162F0BE8009D46E4;
			remoteInfo = Instapaper;
		};
		98CFE7AB1827AB06001A1847 /* PBXContainerItemProxy */ = {
			isa = PBXContainerItemProxy;
			containerPortal = 98CFE74B1827AB01001A1847 /* ShareKit.xcodeproj */;
			proxyType = 2;
			remoteGlobalIDString = AABBECFF162F0835009D46E4;
			remoteInfo = Kippt;
		};
		98CFE7AD1827AB06001A1847 /* PBXContainerItemProxy */ = {
			isa = PBXContainerItemProxy;
			containerPortal = 98CFE74B1827AB01001A1847 /* ShareKit.xcodeproj */;
			proxyType = 2;
			remoteGlobalIDString = AABBED6B162F0C03009D46E4;
			remoteInfo = LinkedIn;
		};
		98CFE7AF1827AB06001A1847 /* PBXContainerItemProxy */ = {
			isa = PBXContainerItemProxy;
			containerPortal = 98CFE74B1827AB01001A1847 /* ShareKit.xcodeproj */;
			proxyType = 2;
			remoteGlobalIDString = AABBED74162F0C1A009D46E4;
			remoteInfo = Pinboard;
		};
		98CFE7B11827AB06001A1847 /* PBXContainerItemProxy */ = {
			isa = PBXContainerItemProxy;
			containerPortal = 98CFE74B1827AB01001A1847 /* ShareKit.xcodeproj */;
			proxyType = 2;
			remoteGlobalIDString = 949BCB8C172A993000D706D4;
			remoteInfo = Buffer;
		};
		98CFE7B31827AB06001A1847 /* PBXContainerItemProxy */ = {
			isa = PBXContainerItemProxy;
			containerPortal = 98CFE74B1827AB01001A1847 /* ShareKit.xcodeproj */;
			proxyType = 2;
			remoteGlobalIDString = 7AC2A3A016597F4C0089ABE8;
			remoteInfo = "Sina Weibo";
		};
		98CFE7B51827AB06001A1847 /* PBXContainerItemProxy */ = {
			isa = PBXContainerItemProxy;
			containerPortal = 98CFE74B1827AB01001A1847 /* ShareKit.xcodeproj */;
			proxyType = 2;
			remoteGlobalIDString = AABBED86162F0C4D009D46E4;
			remoteInfo = Tumbl;
		};
		98CFE7B71827AB06001A1847 /* PBXContainerItemProxy */ = {
			isa = PBXContainerItemProxy;
			containerPortal = 98CFE74B1827AB01001A1847 /* ShareKit.xcodeproj */;
			proxyType = 2;
			remoteGlobalIDString = 7A1AFD3A160E14340086B98A;
			remoteInfo = Twitter;
		};
		98CFE7B91827AB06001A1847 /* PBXContainerItemProxy */ = {
			isa = PBXContainerItemProxy;
			containerPortal = 98CFE74B1827AB01001A1847 /* ShareKit.xcodeproj */;
			proxyType = 2;
			remoteGlobalIDString = AABBED1B162F08A3009D46E4;
			remoteInfo = VKontakte;
		};
		98CFE7BB1827AB06001A1847 /* PBXContainerItemProxy */ = {
			isa = PBXContainerItemProxy;
			containerPortal = 98CFE74B1827AB01001A1847 /* ShareKit.xcodeproj */;
			proxyType = 2;
			remoteGlobalIDString = 7AC2A3A016597F4C0089ABE8;
			remoteInfo = "Sina Weibo";
		};
		98CFE7BD1827AB06001A1847 /* PBXContainerItemProxy */ = {
			isa = PBXContainerItemProxy;
			containerPortal = 98CFE74B1827AB01001A1847 /* ShareKit.xcodeproj */;
			proxyType = 2;
			remoteGlobalIDString = 7A49DBC316BC193E004B7E78;
			remoteInfo = Readability;
		};
		98CFE7BF1827AB06001A1847 /* PBXContainerItemProxy */ = {
			isa = PBXContainerItemProxy;
			containerPortal = 98CFE74B1827AB01001A1847 /* ShareKit.xcodeproj */;
			proxyType = 2;
			remoteGlobalIDString = 7A203D0A16EB7DA200421995;
			remoteInfo = Hatena;
		};
		98CFE7C11827AB06001A1847 /* PBXContainerItemProxy */ = {
			isa = PBXContainerItemProxy;
			containerPortal = 98CFE74B1827AB01001A1847 /* ShareKit.xcodeproj */;
			proxyType = 2;
			remoteGlobalIDString = 7AAE8CA516EB960500429C51;
			remoteInfo = Plurk;
		};
		98CFE7C31827AB06001A1847 /* PBXContainerItemProxy */ = {
			isa = PBXContainerItemProxy;
			containerPortal = 98CFE74B1827AB01001A1847 /* ShareKit.xcodeproj */;
			proxyType = 2;
			remoteGlobalIDString = DE334C2116F3339300FF692B;
			remoteInfo = Dropbox;
		};
		98CFE7C51827AB06001A1847 /* PBXContainerItemProxy */ = {
			isa = PBXContainerItemProxy;
			containerPortal = 98CFE74B1827AB01001A1847 /* ShareKit.xcodeproj */;
			proxyType = 2;
			remoteGlobalIDString = 7AECF322171D5194000722FA;
			remoteInfo = YouTube;
		};
		98CFE7C71827AB06001A1847 /* PBXContainerItemProxy */ = {
			isa = PBXContainerItemProxy;
			containerPortal = 98CFE74B1827AB01001A1847 /* ShareKit.xcodeproj */;
			proxyType = 2;
			remoteGlobalIDString = 7AECF32C171D51C3000722FA;
			remoteInfo = "YouTube SDK";
		};
		98CFE7C91827AB06001A1847 /* PBXContainerItemProxy */ = {
			isa = PBXContainerItemProxy;
			containerPortal = 98CFE74B1827AB01001A1847 /* ShareKit.xcodeproj */;
			proxyType = 2;
			remoteGlobalIDString = 7A4E465A173E2B2900CCEE80;
			remoteInfo = Pocket;
		};
		98CFE7CB1827AB06001A1847 /* PBXContainerItemProxy */ = {
			isa = PBXContainerItemProxy;
			containerPortal = 98CFE74B1827AB01001A1847 /* ShareKit.xcodeproj */;
			proxyType = 2;
			remoteGlobalIDString = 7A4E4663173E2C2500CCEE80;
			remoteInfo = "Pocket SDK";
		};
		98CFE7CD1827AB3F001A1847 /* PBXContainerItemProxy */ = {
			isa = PBXContainerItemProxy;
			containerPortal = 98CFE74B1827AB01001A1847 /* ShareKit.xcodeproj */;
			proxyType = 1;
			remoteGlobalIDString = 7AB5342D1552AADD00171BCE;
			remoteInfo = "Static Library";
		};
		98CFE7CF1827AB3F001A1847 /* PBXContainerItemProxy */ = {
			isa = PBXContainerItemProxy;
			containerPortal = 98CFE74B1827AB01001A1847 /* ShareKit.xcodeproj */;
			proxyType = 1;
			remoteGlobalIDString = 7AB5360E1552E26800171BCE;
			remoteInfo = "Resource Bundle";
		};
/* End PBXContainerItemProxy section */

/* Begin PBXFileReference section */
		98CFE7101827A534001A1847 /* SampleShareKit.app */ = {isa = PBXFileReference; explicitFileType = wrapper.application; includeInIndex = 0; path = SampleShareKit.app; sourceTree = BUILT_PRODUCTS_DIR; };
		98CFE7131827A534001A1847 /* Foundation.framework */ = {isa = PBXFileReference; lastKnownFileType = wrapper.framework; name = Foundation.framework; path = System/Library/Frameworks/Foundation.framework; sourceTree = SDKROOT; };
		98CFE7151827A534001A1847 /* CoreGraphics.framework */ = {isa = PBXFileReference; lastKnownFileType = wrapper.framework; name = CoreGraphics.framework; path = System/Library/Frameworks/CoreGraphics.framework; sourceTree = SDKROOT; };
		98CFE7171827A534001A1847 /* UIKit.framework */ = {isa = PBXFileReference; lastKnownFileType = wrapper.framework; name = UIKit.framework; path = System/Library/Frameworks/UIKit.framework; sourceTree = SDKROOT; };
		98CFE71B1827A535001A1847 /* SampleShareKit-Info.plist */ = {isa = PBXFileReference; lastKnownFileType = text.plist.xml; path = "SampleShareKit-Info.plist"; sourceTree = "<group>"; };
		98CFE71D1827A535001A1847 /* en */ = {isa = PBXFileReference; lastKnownFileType = text.plist.strings; name = en; path = en.lproj/InfoPlist.strings; sourceTree = "<group>"; };
		98CFE71F1827A535001A1847 /* main.m */ = {isa = PBXFileReference; lastKnownFileType = sourcecode.c.objc; path = main.m; sourceTree = "<group>"; };
		98CFE7211827A535001A1847 /* SampleShareKit-Prefix.pch */ = {isa = PBXFileReference; lastKnownFileType = sourcecode.c.h; path = "SampleShareKit-Prefix.pch"; sourceTree = "<group>"; };
		98CFE7221827A535001A1847 /* AppDelegate.h */ = {isa = PBXFileReference; lastKnownFileType = sourcecode.c.h; path = AppDelegate.h; sourceTree = "<group>"; };
		98CFE7231827A535001A1847 /* AppDelegate.m */ = {isa = PBXFileReference; lastKnownFileType = sourcecode.c.objc; path = AppDelegate.m; sourceTree = "<group>"; };
		98CFE7261827A535001A1847 /* Base */ = {isa = PBXFileReference; lastKnownFileType = file.storyboard; name = Base; path = Base.lproj/Main_iPhone.storyboard; sourceTree = "<group>"; };
		98CFE7291827A535001A1847 /* Base */ = {isa = PBXFileReference; lastKnownFileType = file.storyboard; name = Base; path = Base.lproj/Main_iPad.storyboard; sourceTree = "<group>"; };
		98CFE72B1827A535001A1847 /* ViewController.h */ = {isa = PBXFileReference; lastKnownFileType = sourcecode.c.h; path = ViewController.h; sourceTree = "<group>"; };
		98CFE72C1827A535001A1847 /* ViewController.m */ = {isa = PBXFileReference; lastKnownFileType = sourcecode.c.objc; path = ViewController.m; sourceTree = "<group>"; };
		98CFE72E1827A535001A1847 /* Images.xcassets */ = {isa = PBXFileReference; lastKnownFileType = folder.assetcatalog; path = Images.xcassets; sourceTree = "<group>"; };
		98CFE7341827A535001A1847 /* SampleShareKitTests.xctest */ = {isa = PBXFileReference; explicitFileType = wrapper.cfbundle; includeInIndex = 0; path = SampleShareKitTests.xctest; sourceTree = BUILT_PRODUCTS_DIR; };
		98CFE7351827A535001A1847 /* XCTest.framework */ = {isa = PBXFileReference; lastKnownFileType = wrapper.framework; name = XCTest.framework; path = Library/Frameworks/XCTest.framework; sourceTree = DEVELOPER_DIR; };
		98CFE73D1827A535001A1847 /* SampleShareKitTests-Info.plist */ = {isa = PBXFileReference; lastKnownFileType = text.plist.xml; path = "SampleShareKitTests-Info.plist"; sourceTree = "<group>"; };
		98CFE73F1827A535001A1847 /* en */ = {isa = PBXFileReference; lastKnownFileType = text.plist.strings; name = en; path = en.lproj/InfoPlist.strings; sourceTree = "<group>"; };
		98CFE7411827A535001A1847 /* SampleShareKitTests.m */ = {isa = PBXFileReference; lastKnownFileType = sourcecode.c.objc; path = SampleShareKitTests.m; sourceTree = "<group>"; };
		98CFE74B1827AB01001A1847 /* ShareKit.xcodeproj */ = {isa = PBXFileReference; lastKnownFileType = "wrapper.pb-project"; name = ShareKit.xcodeproj; path = Submodules/ShareKit/ShareKit.xcodeproj; sourceTree = "<group>"; };
		98CFE7D31827ABC9001A1847 /* SystemConfiguration.framework */ = {isa = PBXFileReference; lastKnownFileType = wrapper.framework; name = SystemConfiguration.framework; path = System/Library/Frameworks/SystemConfiguration.framework; sourceTree = SDKROOT; };
		98CFE7D51827ABD4001A1847 /* Security.framework */ = {isa = PBXFileReference; lastKnownFileType = wrapper.framework; name = Security.framework; path = System/Library/Frameworks/Security.framework; sourceTree = SDKROOT; };
		98CFE7D71827ABDD001A1847 /* MessageUI.framework */ = {isa = PBXFileReference; lastKnownFileType = wrapper.framework; name = MessageUI.framework; path = System/Library/Frameworks/MessageUI.framework; sourceTree = SDKROOT; };
		98CFE7D91827ABE4001A1847 /* MobileCoreServices.framework */ = {isa = PBXFileReference; lastKnownFileType = wrapper.framework; name = MobileCoreServices.framework; path = System/Library/Frameworks/MobileCoreServices.framework; sourceTree = SDKROOT; };
		98CFE7DB1827ABED001A1847 /* CoreMedia.framework */ = {isa = PBXFileReference; lastKnownFileType = wrapper.framework; name = CoreMedia.framework; path = System/Library/Frameworks/CoreMedia.framework; sourceTree = SDKROOT; };
		98CFE7DD1827ABF8001A1847 /* AVFoundation.framework */ = {isa = PBXFileReference; lastKnownFileType = wrapper.framework; name = AVFoundation.framework; path = System/Library/Frameworks/AVFoundation.framework; sourceTree = SDKROOT; };
		98CFE7DF1827AC00001A1847 /* CFNetwork.framework */ = {isa = PBXFileReference; lastKnownFileType = wrapper.framework; name = CFNetwork.framework; path = System/Library/Frameworks/CFNetwork.framework; sourceTree = SDKROOT; };
		98CFE7E11827AC07001A1847 /* CoreLocation.framework */ = {isa = PBXFileReference; lastKnownFileType = wrapper.framework; name = CoreLocation.framework; path = System/Library/Frameworks/CoreLocation.framework; sourceTree = SDKROOT; };
		98CFE7E31827AC0F001A1847 /* Twitter.framework */ = {isa = PBXFileReference; lastKnownFileType = wrapper.framework; name = Twitter.framework; path = System/Library/Frameworks/Twitter.framework; sourceTree = SDKROOT; };
		98CFE7E51827AC1B001A1847 /* AdSupport.framework */ = {isa = PBXFileReference; lastKnownFileType = wrapper.framework; name = AdSupport.framework; path = System/Library/Frameworks/AdSupport.framework; sourceTree = SDKROOT; };
		98CFE7E71827AC2A001A1847 /* Accounts.framework */ = {isa = PBXFileReference; lastKnownFileType = wrapper.framework; name = Accounts.framework; path = System/Library/Frameworks/Accounts.framework; sourceTree = SDKROOT; };
		98CFE7E91827AC3C001A1847 /* libsqlite3.dylib */ = {isa = PBXFileReference; lastKnownFileType = "compiled.mach-o.dylib"; name = libsqlite3.dylib; path = usr/lib/libsqlite3.dylib; sourceTree = SDKROOT; };
		98CFE7EB1827AC4B001A1847 /* Social.framework */ = {isa = PBXFileReference; lastKnownFileType = wrapper.framework; name = Social.framework; path = System/Library/Frameworks/Social.framework; sourceTree = SDKROOT; };
		98CFE7ED1827AC60001A1847 /* StoreKit.framework */ = {isa = PBXFileReference; lastKnownFileType = wrapper.framework; name = StoreKit.framework; path = System/Library/Frameworks/StoreKit.framework; sourceTree = SDKROOT; };
		98CFE7EF1827AC6F001A1847 /* libxml2.dylib */ = {isa = PBXFileReference; lastKnownFileType = "compiled.mach-o.dylib"; name = libxml2.dylib; path = usr/lib/libxml2.dylib; sourceTree = SDKROOT; };
		98CFE7F11827AC83001A1847 /* QuartzCore.framework */ = {isa = PBXFileReference; lastKnownFileType = wrapper.framework; name = QuartzCore.framework; path = System/Library/Frameworks/QuartzCore.framework; sourceTree = SDKROOT; };
		98CFE7F31827AC8C001A1847 /* MediaPlayer.framework */ = {isa = PBXFileReference; lastKnownFileType = wrapper.framework; name = MediaPlayer.framework; path = System/Library/Frameworks/MediaPlayer.framework; sourceTree = SDKROOT; };
		98CFE7F51827AC94001A1847 /* AssetsLibrary.framework */ = {isa = PBXFileReference; lastKnownFileType = wrapper.framework; name = AssetsLibrary.framework; path = System/Library/Frameworks/AssetsLibrary.framework; sourceTree = SDKROOT; };
		98CFE7F71827AC99001A1847 /* CoreText.framework */ = {isa = PBXFileReference; lastKnownFileType = wrapper.framework; name = CoreText.framework; path = System/Library/Frameworks/CoreText.framework; sourceTree = SDKROOT; };
		98CFE7F91827AC9F001A1847 /* CoreMotion.framework */ = {isa = PBXFileReference; lastKnownFileType = wrapper.framework; name = CoreMotion.framework; path = System/Library/Frameworks/CoreMotion.framework; sourceTree = SDKROOT; };
		98CFE7FB1827ACA6001A1847 /* ImageIO.framework */ = {isa = PBXFileReference; lastKnownFileType = wrapper.framework; name = ImageIO.framework; path = System/Library/Frameworks/ImageIO.framework; sourceTree = SDKROOT; };
		98CFE7FD1827ACC5001A1847 /* DropboxSDK.framework */ = {isa = PBXFileReference; lastKnownFileType = wrapper.framework; name = DropboxSDK.framework; path = Submodules/ShareKit/Frameworks/DropboxSDK.framework; sourceTree = "<group>"; };
		98CFE7FE1827ACC5001A1847 /* FacebookSDK.framework */ = {isa = PBXFileReference; lastKnownFileType = wrapper.framework; name = FacebookSDK.framework; path = Submodules/ShareKit/Frameworks/FacebookSDK.framework; sourceTree = "<group>"; };
		98CFE7FF1827ACC5001A1847 /* GooglePlus.framework */ = {isa = PBXFileReference; lastKnownFileType = wrapper.framework; name = GooglePlus.framework; path = Submodules/ShareKit/Frameworks/GooglePlus.framework; sourceTree = "<group>"; };
		98CFE8031827ACDC001A1847 /* GTMOAuth2ViewTouch.xib */ = {isa = PBXFileReference; lastKnownFileType = file; name = GTMOAuth2ViewTouch.xib; path = "Submodules/google-api-objectivec/Source/OAuth2/Touch/GTMOAuth2ViewTouch.xib"; sourceTree = "<group>"; };
		98CFE8091827AFD3001A1847 /* SHKConfigurattorSample.h */ = {isa = PBXFileReference; fileEncoding = 4; lastKnownFileType = sourcecode.c.h; path = SHKConfigurattorSample.h; sourceTree = "<group>"; };
		98CFE80A1827AFD3001A1847 /* SHKConfigurattorSample.m */ = {isa = PBXFileReference; fileEncoding = 4; lastKnownFileType = sourcecode.c.objc; path = SHKConfigurattorSample.m; sourceTree = "<group>"; };
/* End PBXFileReference section */

/* Begin PBXFrameworksBuildPhase section */
		98CFE70D1827A534001A1847 /* Frameworks */ = {
			isa = PBXFrameworksBuildPhase;
			buildActionMask = 2147483647;
			files = (
				98CFE7FC1827ACA6001A1847 /* ImageIO.framework in Frameworks */,
				98CFE7FA1827AC9F001A1847 /* CoreMotion.framework in Frameworks */,
				98CFE7F81827AC99001A1847 /* CoreText.framework in Frameworks */,
				98CFE7F61827AC94001A1847 /* AssetsLibrary.framework in Frameworks */,
				98CFE7F41827AC8C001A1847 /* MediaPlayer.framework in Frameworks */,
				98CFE7F21827AC83001A1847 /* QuartzCore.framework in Frameworks */,
				98CFE7F01827AC6F001A1847 /* libxml2.dylib in Frameworks */,
				98CFE7EE1827AC60001A1847 /* StoreKit.framework in Frameworks */,
				98CFE7EC1827AC4B001A1847 /* Social.framework in Frameworks */,
				98CFE8021827ACC6001A1847 /* GooglePlus.framework in Frameworks */,
				98CFE7EA1827AC3C001A1847 /* libsqlite3.dylib in Frameworks */,
				98CFE7E81827AC2A001A1847 /* Accounts.framework in Frameworks */,
				98CFE7E61827AC1B001A1847 /* AdSupport.framework in Frameworks */,
				98CFE7E41827AC0F001A1847 /* Twitter.framework in Frameworks */,
				98CFE7E21827AC07001A1847 /* CoreLocation.framework in Frameworks */,
				98CFE7E01827AC00001A1847 /* CFNetwork.framework in Frameworks */,
				98CFE7DE1827ABF8001A1847 /* AVFoundation.framework in Frameworks */,
				98CFE7DC1827ABED001A1847 /* CoreMedia.framework in Frameworks */,
				98CFE7DA1827ABE4001A1847 /* MobileCoreServices.framework in Frameworks */,
				98CFE8001827ACC5001A1847 /* DropboxSDK.framework in Frameworks */,
				98CFE7D81827ABDD001A1847 /* MessageUI.framework in Frameworks */,
				98CFE7D61827ABD4001A1847 /* Security.framework in Frameworks */,
				98CFE7D41827ABC9001A1847 /* SystemConfiguration.framework in Frameworks */,
				98CFE7D11827AB53001A1847 /* libShareKit.a in Frameworks */,
				98CFE8011827ACC6001A1847 /* FacebookSDK.framework in Frameworks */,
				98CFE7161827A534001A1847 /* CoreGraphics.framework in Frameworks */,
				98CFE7181827A534001A1847 /* UIKit.framework in Frameworks */,
				98CFE7141827A534001A1847 /* Foundation.framework in Frameworks */,
			);
			runOnlyForDeploymentPostprocessing = 0;
		};
		98CFE7311827A535001A1847 /* Frameworks */ = {
			isa = PBXFrameworksBuildPhase;
			buildActionMask = 2147483647;
			files = (
				98CFE7361827A535001A1847 /* XCTest.framework in Frameworks */,
				98CFE7381827A535001A1847 /* UIKit.framework in Frameworks */,
				98CFE7371827A535001A1847 /* Foundation.framework in Frameworks */,
			);
			runOnlyForDeploymentPostprocessing = 0;
		};
/* End PBXFrameworksBuildPhase section */

/* Begin PBXGroup section */
		98CFE7071827A534001A1847 = {
			isa = PBXGroup;
			children = (
				98CFE74B1827AB01001A1847 /* ShareKit.xcodeproj */,
				98CFE7191827A534001A1847 /* SampleShareKit */,
				98CFE73B1827A535001A1847 /* SampleShareKitTests */,
				98CFE7121827A534001A1847 /* Frameworks */,
				98CFE7111827A534001A1847 /* Products */,
			);
			sourceTree = "<group>";
		};
		98CFE7111827A534001A1847 /* Products */ = {
			isa = PBXGroup;
			children = (
				98CFE7101827A534001A1847 /* SampleShareKit.app */,
				98CFE7341827A535001A1847 /* SampleShareKitTests.xctest */,
			);
			name = Products;
			sourceTree = "<group>";
		};
		98CFE7121827A534001A1847 /* Frameworks */ = {
			isa = PBXGroup;
			children = (
				98CFE7FD1827ACC5001A1847 /* DropboxSDK.framework */,
				98CFE7FE1827ACC5001A1847 /* FacebookSDK.framework */,
				98CFE7FF1827ACC5001A1847 /* GooglePlus.framework */,
				98CFE7FB1827ACA6001A1847 /* ImageIO.framework */,
				98CFE7F91827AC9F001A1847 /* CoreMotion.framework */,
				98CFE7F71827AC99001A1847 /* CoreText.framework */,
				98CFE7F51827AC94001A1847 /* AssetsLibrary.framework */,
				98CFE7F31827AC8C001A1847 /* MediaPlayer.framework */,
				98CFE7F11827AC83001A1847 /* QuartzCore.framework */,
				98CFE7EF1827AC6F001A1847 /* libxml2.dylib */,
				98CFE7ED1827AC60001A1847 /* StoreKit.framework */,
				98CFE7EB1827AC4B001A1847 /* Social.framework */,
				98CFE7E91827AC3C001A1847 /* libsqlite3.dylib */,
				98CFE7E71827AC2A001A1847 /* Accounts.framework */,
				98CFE7E51827AC1B001A1847 /* AdSupport.framework */,
				98CFE7E31827AC0F001A1847 /* Twitter.framework */,
				98CFE7E11827AC07001A1847 /* CoreLocation.framework */,
				98CFE7DF1827AC00001A1847 /* CFNetwork.framework */,
				98CFE7DD1827ABF8001A1847 /* AVFoundation.framework */,
				98CFE7DB1827ABED001A1847 /* CoreMedia.framework */,
				98CFE7D91827ABE4001A1847 /* MobileCoreServices.framework */,
				98CFE7D71827ABDD001A1847 /* MessageUI.framework */,
				98CFE7D51827ABD4001A1847 /* Security.framework */,
				98CFE7D31827ABC9001A1847 /* SystemConfiguration.framework */,
				98CFE7131827A534001A1847 /* Foundation.framework */,
				98CFE7151827A534001A1847 /* CoreGraphics.framework */,
				98CFE7171827A534001A1847 /* UIKit.framework */,
				98CFE7351827A535001A1847 /* XCTest.framework */,
			);
			name = Frameworks;
			sourceTree = "<group>";
		};
		98CFE7191827A534001A1847 /* SampleShareKit */ = {
			isa = PBXGroup;
			children = (
				98CFE7221827A535001A1847 /* AppDelegate.h */,
				98CFE7231827A535001A1847 /* AppDelegate.m */,
				98CFE7251827A535001A1847 /* Main_iPhone.storyboard */,
				98CFE7281827A535001A1847 /* Main_iPad.storyboard */,
				98CFE72B1827A535001A1847 /* ViewController.h */,
				98CFE72C1827A535001A1847 /* ViewController.m */,
				98CFE8091827AFD3001A1847 /* SHKConfigurattorSample.h */,
				98CFE80A1827AFD3001A1847 /* SHKConfigurattorSample.m */,
				98CFE72E1827A535001A1847 /* Images.xcassets */,
				98CFE8051827ACDC001A1847 /* Resources - ShareKit Library */,
				98CFE71A1827A535001A1847 /* Supporting Files */,
			);
			path = SampleShareKit;
			sourceTree = "<group>";
		};
		98CFE71A1827A535001A1847 /* Supporting Files */ = {
			isa = PBXGroup;
			children = (
				98CFE71B1827A535001A1847 /* SampleShareKit-Info.plist */,
				98CFE71C1827A535001A1847 /* InfoPlist.strings */,
				98CFE71F1827A535001A1847 /* main.m */,
				98CFE7211827A535001A1847 /* SampleShareKit-Prefix.pch */,
			);
			name = "Supporting Files";
			sourceTree = "<group>";
		};
		98CFE73B1827A535001A1847 /* SampleShareKitTests */ = {
			isa = PBXGroup;
			children = (
				98CFE7411827A535001A1847 /* SampleShareKitTests.m */,
				98CFE73C1827A535001A1847 /* Supporting Files */,
			);
			path = SampleShareKitTests;
			sourceTree = "<group>";
		};
		98CFE73C1827A535001A1847 /* Supporting Files */ = {
			isa = PBXGroup;
			children = (
				98CFE73D1827A535001A1847 /* SampleShareKitTests-Info.plist */,
				98CFE73E1827A535001A1847 /* InfoPlist.strings */,
			);
			name = "Supporting Files";
			sourceTree = "<group>";
		};
		98CFE74C1827AB01001A1847 /* Products */ = {
			isa = PBXGroup;
			children = (
				98CFE77A1827AB06001A1847 /* libShareKit.a */,
				98CFE77C1827AB06001A1847 /* ShareKit.bundle */,
				98CFE77E1827AB06001A1847 /* libShareKitCore.a */,
				98CFE7801827AB06001A1847 /* libSSKeyChain.a */,
				98CFE7821827AB06001A1847 /* libOAuth.a */,
				98CFE7841827AB06001A1847 /* libReachability.a */,
				98CFE7861827AB06001A1847 /* libCopy.a */,
				98CFE7881827AB06001A1847 /* libEmail.a */,
				98CFE78A1827AB06001A1847 /* libLogout.a */,
				98CFE78C1827AB06001A1847 /* libOpen in Safari.a */,
				98CFE78E1827AB06001A1847 /* libPrint.a */,
				98CFE7901827AB06001A1847 /* libSave to Album.a */,
				98CFE7921827AB06001A1847 /* libText Message.a */,
				98CFE7941827AB06001A1847 /* libDelicious.a */,
				98CFE7961827AB06001A1847 /* libDiigo.a */,
				98CFE7981827AB06001A1847 /* libEvernote.a */,
				98CFE79A1827AB06001A1847 /* libEvernote SDK.a */,
				98CFE79C1827AB06001A1847 /* libFacebook.a */,
				98CFE79E1827AB06001A1847 /* libFoursquareV2.a */,
				98CFE7A01827AB06001A1847 /* libFlickr.a */,
				98CFE7A21827AB06001A1847 /* libFlickr SDK.a */,
				98CFE7A41827AB06001A1847 /* libGoogle Plus.a */,
				98CFE7A61827AB06001A1847 /* libGoogle Plus SDK.a */,
				98CFE7A81827AB06001A1847 /* libInstagram.a */,
				98CFE7AA1827AB06001A1847 /* libInstapaper.a */,
				98CFE7AC1827AB06001A1847 /* libKippt.a */,
				98CFE7AE1827AB06001A1847 /* libLinkedIn.a */,
				98CFE7B01827AB06001A1847 /* libPinboard.a */,
				98CFE7B21827AB06001A1847 /* libBuffer.a */,
				98CFE7B41827AB06001A1847 /* libSina Weibo.a */,
				98CFE7B61827AB06001A1847 /* libTumblr.a */,
				98CFE7B81827AB06001A1847 /* libTwitter.a */,
				98CFE7BA1827AB06001A1847 /* libVKontakte.a */,
				98CFE7BC1827AB06001A1847 /* libSina Weibo.a */,
				98CFE7BE1827AB06001A1847 /* libReadability.a */,
				98CFE7C01827AB06001A1847 /* libHatena.a */,
				98CFE7C21827AB06001A1847 /* libPlurk.a */,
				98CFE7C41827AB06001A1847 /* libDropbox.a */,
				98CFE7C61827AB06001A1847 /* libYouTube.a */,
				98CFE7C81827AB06001A1847 /* libYouTube SDK.a */,
				98CFE7CA1827AB06001A1847 /* libPocket.a */,
				98CFE7CC1827AB06001A1847 /* libPocket SDK.a */,
			);
			name = Products;
			sourceTree = "<group>";
		};
		98CFE8041827ACDC001A1847 /* Google OAuth */ = {
			isa = PBXGroup;
			children = (
				98CFE8031827ACDC001A1847 /* GTMOAuth2ViewTouch.xib */,
			);
			name = "Google OAuth";
			sourceTree = "<group>";
		};
		98CFE8051827ACDC001A1847 /* Resources - ShareKit Library */ = {
			isa = PBXGroup;
			children = (
				98CFE8041827ACDC001A1847 /* Google OAuth */,
			);
			name = "Resources - ShareKit Library";
			path = ../Submodules/ShareKit;
			sourceTree = "<group>";
		};
/* End PBXGroup section */

/* Begin PBXNativeTarget section */
		98CFE70F1827A534001A1847 /* SampleShareKit */ = {
			isa = PBXNativeTarget;
			buildConfigurationList = 98CFE7451827A535001A1847 /* Build configuration list for PBXNativeTarget "SampleShareKit" */;
			buildPhases = (
				98CFE70C1827A534001A1847 /* Sources */,
				98CFE70D1827A534001A1847 /* Frameworks */,
				98CFE70E1827A534001A1847 /* Resources */,
			);
			buildRules = (
			);
			dependencies = (
				98CFE7CE1827AB3F001A1847 /* PBXTargetDependency */,
				98CFE7D01827AB3F001A1847 /* PBXTargetDependency */,
			);
			name = SampleShareKit;
			productName = SampleShareKit;
			productReference = 98CFE7101827A534001A1847 /* SampleShareKit.app */;
			productType = "com.apple.product-type.application";
		};
		98CFE7331827A535001A1847 /* SampleShareKitTests */ = {
			isa = PBXNativeTarget;
			buildConfigurationList = 98CFE7481827A535001A1847 /* Build configuration list for PBXNativeTarget "SampleShareKitTests" */;
			buildPhases = (
				98CFE7301827A535001A1847 /* Sources */,
				98CFE7311827A535001A1847 /* Frameworks */,
				98CFE7321827A535001A1847 /* Resources */,
			);
			buildRules = (
			);
			dependencies = (
				98CFE73A1827A535001A1847 /* PBXTargetDependency */,
			);
			name = SampleShareKitTests;
			productName = SampleShareKitTests;
			productReference = 98CFE7341827A535001A1847 /* SampleShareKitTests.xctest */;
			productType = "com.apple.product-type.bundle.unit-test";
		};
/* End PBXNativeTarget section */

/* Begin PBXProject section */
		98CFE7081827A534001A1847 /* Project object */ = {
			isa = PBXProject;
			attributes = {
				LastUpgradeCheck = 0500;
				ORGANIZATIONNAME = WalterAlex;
				TargetAttributes = {
					98CFE7331827A535001A1847 = {
						TestTargetID = 98CFE70F1827A534001A1847;
					};
				};
			};
			buildConfigurationList = 98CFE70B1827A534001A1847 /* Build configuration list for PBXProject "SampleShareKit" */;
			compatibilityVersion = "Xcode 3.2";
			developmentRegion = English;
			hasScannedForEncodings = 0;
			knownRegions = (
				en,
				Base,
			);
			mainGroup = 98CFE7071827A534001A1847;
			productRefGroup = 98CFE7111827A534001A1847 /* Products */;
			projectDirPath = "";
			projectReferences = (
				{
					ProductGroup = 98CFE74C1827AB01001A1847 /* Products */;
					ProjectRef = 98CFE74B1827AB01001A1847 /* ShareKit.xcodeproj */;
				},
			);
			projectRoot = "";
			targets = (
				98CFE70F1827A534001A1847 /* SampleShareKit */,
				98CFE7331827A535001A1847 /* SampleShareKitTests */,
			);
		};
/* End PBXProject section */

/* Begin PBXReferenceProxy section */
		98CFE77A1827AB06001A1847 /* libShareKit.a */ = {
			isa = PBXReferenceProxy;
			fileType = archive.ar;
			path = libShareKit.a;
			remoteRef = 98CFE7791827AB06001A1847 /* PBXContainerItemProxy */;
			sourceTree = BUILT_PRODUCTS_DIR;
		};
		98CFE77C1827AB06001A1847 /* ShareKit.bundle */ = {
			isa = PBXReferenceProxy;
			fileType = wrapper.cfbundle;
			path = ShareKit.bundle;
			remoteRef = 98CFE77B1827AB06001A1847 /* PBXContainerItemProxy */;
			sourceTree = BUILT_PRODUCTS_DIR;
		};
		98CFE77E1827AB06001A1847 /* libShareKitCore.a */ = {
			isa = PBXReferenceProxy;
			fileType = archive.ar;
			path = libShareKitCore.a;
			remoteRef = 98CFE77D1827AB06001A1847 /* PBXContainerItemProxy */;
			sourceTree = BUILT_PRODUCTS_DIR;
		};
		98CFE7801827AB06001A1847 /* libSSKeyChain.a */ = {
			isa = PBXReferenceProxy;
			fileType = archive.ar;
			path = libSSKeyChain.a;
			remoteRef = 98CFE77F1827AB06001A1847 /* PBXContainerItemProxy */;
			sourceTree = BUILT_PRODUCTS_DIR;
		};
		98CFE7821827AB06001A1847 /* libOAuth.a */ = {
			isa = PBXReferenceProxy;
			fileType = archive.ar;
			path = libOAuth.a;
			remoteRef = 98CFE7811827AB06001A1847 /* PBXContainerItemProxy */;
			sourceTree = BUILT_PRODUCTS_DIR;
		};
		98CFE7841827AB06001A1847 /* libReachability.a */ = {
			isa = PBXReferenceProxy;
			fileType = archive.ar;
			path = libReachability.a;
			remoteRef = 98CFE7831827AB06001A1847 /* PBXContainerItemProxy */;
			sourceTree = BUILT_PRODUCTS_DIR;
		};
		98CFE7861827AB06001A1847 /* libCopy.a */ = {
			isa = PBXReferenceProxy;
			fileType = archive.ar;
			path = libCopy.a;
			remoteRef = 98CFE7851827AB06001A1847 /* PBXContainerItemProxy */;
			sourceTree = BUILT_PRODUCTS_DIR;
		};
		98CFE7881827AB06001A1847 /* libEmail.a */ = {
			isa = PBXReferenceProxy;
			fileType = archive.ar;
			path = libEmail.a;
			remoteRef = 98CFE7871827AB06001A1847 /* PBXContainerItemProxy */;
			sourceTree = BUILT_PRODUCTS_DIR;
		};
		98CFE78A1827AB06001A1847 /* libLogout.a */ = {
			isa = PBXReferenceProxy;
			fileType = archive.ar;
			path = libLogout.a;
			remoteRef = 98CFE7891827AB06001A1847 /* PBXContainerItemProxy */;
			sourceTree = BUILT_PRODUCTS_DIR;
		};
		98CFE78C1827AB06001A1847 /* libOpen in Safari.a */ = {
			isa = PBXReferenceProxy;
			fileType = archive.ar;
			path = "libOpen in Safari.a";
			remoteRef = 98CFE78B1827AB06001A1847 /* PBXContainerItemProxy */;
			sourceTree = BUILT_PRODUCTS_DIR;
		};
		98CFE78E1827AB06001A1847 /* libPrint.a */ = {
			isa = PBXReferenceProxy;
			fileType = archive.ar;
			path = libPrint.a;
			remoteRef = 98CFE78D1827AB06001A1847 /* PBXContainerItemProxy */;
			sourceTree = BUILT_PRODUCTS_DIR;
		};
		98CFE7901827AB06001A1847 /* libSave to Album.a */ = {
			isa = PBXReferenceProxy;
			fileType = archive.ar;
			path = "libSave to Album.a";
			remoteRef = 98CFE78F1827AB06001A1847 /* PBXContainerItemProxy */;
			sourceTree = BUILT_PRODUCTS_DIR;
		};
		98CFE7921827AB06001A1847 /* libText Message.a */ = {
			isa = PBXReferenceProxy;
			fileType = archive.ar;
			path = "libText Message.a";
			remoteRef = 98CFE7911827AB06001A1847 /* PBXContainerItemProxy */;
			sourceTree = BUILT_PRODUCTS_DIR;
		};
		98CFE7941827AB06001A1847 /* libDelicious.a */ = {
			isa = PBXReferenceProxy;
			fileType = archive.ar;
			path = libDelicious.a;
			remoteRef = 98CFE7931827AB06001A1847 /* PBXContainerItemProxy */;
			sourceTree = BUILT_PRODUCTS_DIR;
		};
		98CFE7961827AB06001A1847 /* libDiigo.a */ = {
			isa = PBXReferenceProxy;
			fileType = archive.ar;
			path = libDiigo.a;
			remoteRef = 98CFE7951827AB06001A1847 /* PBXContainerItemProxy */;
			sourceTree = BUILT_PRODUCTS_DIR;
		};
		98CFE7981827AB06001A1847 /* libEvernote.a */ = {
			isa = PBXReferenceProxy;
			fileType = archive.ar;
			path = libEvernote.a;
			remoteRef = 98CFE7971827AB06001A1847 /* PBXContainerItemProxy */;
			sourceTree = BUILT_PRODUCTS_DIR;
		};
		98CFE79A1827AB06001A1847 /* libEvernote SDK.a */ = {
			isa = PBXReferenceProxy;
			fileType = archive.ar;
			path = "libEvernote SDK.a";
			remoteRef = 98CFE7991827AB06001A1847 /* PBXContainerItemProxy */;
			sourceTree = BUILT_PRODUCTS_DIR;
		};
		98CFE79C1827AB06001A1847 /* libFacebook.a */ = {
			isa = PBXReferenceProxy;
			fileType = archive.ar;
			path = libFacebook.a;
			remoteRef = 98CFE79B1827AB06001A1847 /* PBXContainerItemProxy */;
			sourceTree = BUILT_PRODUCTS_DIR;
		};
		98CFE79E1827AB06001A1847 /* libFoursquareV2.a */ = {
			isa = PBXReferenceProxy;
			fileType = archive.ar;
			path = libFoursquareV2.a;
			remoteRef = 98CFE79D1827AB06001A1847 /* PBXContainerItemProxy */;
			sourceTree = BUILT_PRODUCTS_DIR;
		};
		98CFE7A01827AB06001A1847 /* libFlickr.a */ = {
			isa = PBXReferenceProxy;
			fileType = archive.ar;
			path = libFlickr.a;
			remoteRef = 98CFE79F1827AB06001A1847 /* PBXContainerItemProxy */;
			sourceTree = BUILT_PRODUCTS_DIR;
		};
		98CFE7A21827AB06001A1847 /* libFlickr SDK.a */ = {
			isa = PBXReferenceProxy;
			fileType = archive.ar;
			path = "libFlickr SDK.a";
			remoteRef = 98CFE7A11827AB06001A1847 /* PBXContainerItemProxy */;
			sourceTree = BUILT_PRODUCTS_DIR;
		};
		98CFE7A41827AB06001A1847 /* libGoogle Plus.a */ = {
			isa = PBXReferenceProxy;
			fileType = archive.ar;
			path = "libGoogle Plus.a";
			remoteRef = 98CFE7A31827AB06001A1847 /* PBXContainerItemProxy */;
			sourceTree = BUILT_PRODUCTS_DIR;
		};
		98CFE7A61827AB06001A1847 /* libGoogle Plus SDK.a */ = {
			isa = PBXReferenceProxy;
			fileType = archive.ar;
			path = "libGoogle Plus SDK.a";
			remoteRef = 98CFE7A51827AB06001A1847 /* PBXContainerItemProxy */;
			sourceTree = BUILT_PRODUCTS_DIR;
		};
		98CFE7A81827AB06001A1847 /* libInstagram.a */ = {
			isa = PBXReferenceProxy;
			fileType = archive.ar;
			path = libInstagram.a;
			remoteRef = 98CFE7A71827AB06001A1847 /* PBXContainerItemProxy */;
			sourceTree = BUILT_PRODUCTS_DIR;
		};
		98CFE7AA1827AB06001A1847 /* libInstapaper.a */ = {
			isa = PBXReferenceProxy;
			fileType = archive.ar;
			path = libInstapaper.a;
			remoteRef = 98CFE7A91827AB06001A1847 /* PBXContainerItemProxy */;
			sourceTree = BUILT_PRODUCTS_DIR;
		};
		98CFE7AC1827AB06001A1847 /* libKippt.a */ = {
			isa = PBXReferenceProxy;
			fileType = archive.ar;
			path = libKippt.a;
			remoteRef = 98CFE7AB1827AB06001A1847 /* PBXContainerItemProxy */;
			sourceTree = BUILT_PRODUCTS_DIR;
		};
		98CFE7AE1827AB06001A1847 /* libLinkedIn.a */ = {
			isa = PBXReferenceProxy;
			fileType = archive.ar;
			path = libLinkedIn.a;
			remoteRef = 98CFE7AD1827AB06001A1847 /* PBXContainerItemProxy */;
			sourceTree = BUILT_PRODUCTS_DIR;
		};
		98CFE7B01827AB06001A1847 /* libPinboard.a */ = {
			isa = PBXReferenceProxy;
			fileType = archive.ar;
			path = libPinboard.a;
			remoteRef = 98CFE7AF1827AB06001A1847 /* PBXContainerItemProxy */;
			sourceTree = BUILT_PRODUCTS_DIR;
		};
		98CFE7B21827AB06001A1847 /* libBuffer.a */ = {
			isa = PBXReferenceProxy;
			fileType = archive.ar;
			path = libBuffer.a;
			remoteRef = 98CFE7B11827AB06001A1847 /* PBXContainerItemProxy */;
			sourceTree = BUILT_PRODUCTS_DIR;
		};
		98CFE7B41827AB06001A1847 /* libSina Weibo.a */ = {
			isa = PBXReferenceProxy;
			fileType = archive.ar;
			path = "libSina Weibo.a";
			remoteRef = 98CFE7B31827AB06001A1847 /* PBXContainerItemProxy */;
			sourceTree = BUILT_PRODUCTS_DIR;
		};
		98CFE7B61827AB06001A1847 /* libTumblr.a */ = {
			isa = PBXReferenceProxy;
			fileType = archive.ar;
			path = libTumblr.a;
			remoteRef = 98CFE7B51827AB06001A1847 /* PBXContainerItemProxy */;
			sourceTree = BUILT_PRODUCTS_DIR;
		};
		98CFE7B81827AB06001A1847 /* libTwitter.a */ = {
			isa = PBXReferenceProxy;
			fileType = archive.ar;
			path = libTwitter.a;
			remoteRef = 98CFE7B71827AB06001A1847 /* PBXContainerItemProxy */;
			sourceTree = BUILT_PRODUCTS_DIR;
		};
		98CFE7BA1827AB06001A1847 /* libVKontakte.a */ = {
			isa = PBXReferenceProxy;
			fileType = archive.ar;
			path = libVKontakte.a;
			remoteRef = 98CFE7B91827AB06001A1847 /* PBXContainerItemProxy */;
			sourceTree = BUILT_PRODUCTS_DIR;
		};
		98CFE7BC1827AB06001A1847 /* libSina Weibo.a */ = {
			isa = PBXReferenceProxy;
			fileType = archive.ar;
			path = "libSina Weibo.a";
			remoteRef = 98CFE7BB1827AB06001A1847 /* PBXContainerItemProxy */;
			sourceTree = BUILT_PRODUCTS_DIR;
		};
		98CFE7BE1827AB06001A1847 /* libReadability.a */ = {
			isa = PBXReferenceProxy;
			fileType = archive.ar;
			path = libReadability.a;
			remoteRef = 98CFE7BD1827AB06001A1847 /* PBXContainerItemProxy */;
			sourceTree = BUILT_PRODUCTS_DIR;
		};
		98CFE7C01827AB06001A1847 /* libHatena.a */ = {
			isa = PBXReferenceProxy;
			fileType = archive.ar;
			path = libHatena.a;
			remoteRef = 98CFE7BF1827AB06001A1847 /* PBXContainerItemProxy */;
			sourceTree = BUILT_PRODUCTS_DIR;
		};
		98CFE7C21827AB06001A1847 /* libPlurk.a */ = {
			isa = PBXReferenceProxy;
			fileType = archive.ar;
			path = libPlurk.a;
			remoteRef = 98CFE7C11827AB06001A1847 /* PBXContainerItemProxy */;
			sourceTree = BUILT_PRODUCTS_DIR;
		};
		98CFE7C41827AB06001A1847 /* libDropbox.a */ = {
			isa = PBXReferenceProxy;
			fileType = archive.ar;
			path = libDropbox.a;
			remoteRef = 98CFE7C31827AB06001A1847 /* PBXContainerItemProxy */;
			sourceTree = BUILT_PRODUCTS_DIR;
		};
		98CFE7C61827AB06001A1847 /* libYouTube.a */ = {
			isa = PBXReferenceProxy;
			fileType = archive.ar;
			path = libYouTube.a;
			remoteRef = 98CFE7C51827AB06001A1847 /* PBXContainerItemProxy */;
			sourceTree = BUILT_PRODUCTS_DIR;
		};
		98CFE7C81827AB06001A1847 /* libYouTube SDK.a */ = {
			isa = PBXReferenceProxy;
			fileType = archive.ar;
			path = "libYouTube SDK.a";
			remoteRef = 98CFE7C71827AB06001A1847 /* PBXContainerItemProxy */;
			sourceTree = BUILT_PRODUCTS_DIR;
		};
		98CFE7CA1827AB06001A1847 /* libPocket.a */ = {
			isa = PBXReferenceProxy;
			fileType = archive.ar;
			path = libPocket.a;
			remoteRef = 98CFE7C91827AB06001A1847 /* PBXContainerItemProxy */;
			sourceTree = BUILT_PRODUCTS_DIR;
		};
		98CFE7CC1827AB06001A1847 /* libPocket SDK.a */ = {
			isa = PBXReferenceProxy;
			fileType = archive.ar;
			path = "libPocket SDK.a";
			remoteRef = 98CFE7CB1827AB06001A1847 /* PBXContainerItemProxy */;
			sourceTree = BUILT_PRODUCTS_DIR;
		};
/* End PBXReferenceProxy section */

/* Begin PBXResourcesBuildPhase section */
		98CFE70E1827A534001A1847 /* Resources */ = {
			isa = PBXResourcesBuildPhase;
			buildActionMask = 2147483647;
			files = (
				98CFE8061827ACDC001A1847 /* GTMOAuth2ViewTouch.xib in Resources */,
				98CFE72A1827A535001A1847 /* Main_iPad.storyboard in Resources */,
				98CFE72F1827A535001A1847 /* Images.xcassets in Resources */,
				98CFE7271827A535001A1847 /* Main_iPhone.storyboard in Resources */,
				98CFE71E1827A535001A1847 /* InfoPlist.strings in Resources */,
				98CFE7D21827AB67001A1847 /* ShareKit.bundle in Resources */,
			);
			runOnlyForDeploymentPostprocessing = 0;
		};
		98CFE7321827A535001A1847 /* Resources */ = {
			isa = PBXResourcesBuildPhase;
			buildActionMask = 2147483647;
			files = (
				98CFE7401827A535001A1847 /* InfoPlist.strings in Resources */,
			);
			runOnlyForDeploymentPostprocessing = 0;
		};
/* End PBXResourcesBuildPhase section */

/* Begin PBXSourcesBuildPhase section */
		98CFE70C1827A534001A1847 /* Sources */ = {
			isa = PBXSourcesBuildPhase;
			buildActionMask = 2147483647;
			files = (
				98CFE72D1827A535001A1847 /* ViewController.m in Sources */,
				98CFE7241827A535001A1847 /* AppDelegate.m in Sources */,
				98CFE80B1827AFD3001A1847 /* SHKConfigurattorSample.m in Sources */,
				98CFE7201827A535001A1847 /* main.m in Sources */,
			);
			runOnlyForDeploymentPostprocessing = 0;
		};
		98CFE7301827A535001A1847 /* Sources */ = {
			isa = PBXSourcesBuildPhase;
			buildActionMask = 2147483647;
			files = (
				98CFE7421827A535001A1847 /* SampleShareKitTests.m in Sources */,
			);
			runOnlyForDeploymentPostprocessing = 0;
		};
/* End PBXSourcesBuildPhase section */

/* Begin PBXTargetDependency section */
		98CFE73A1827A535001A1847 /* PBXTargetDependency */ = {
			isa = PBXTargetDependency;
			target = 98CFE70F1827A534001A1847 /* SampleShareKit */;
			targetProxy = 98CFE7391827A535001A1847 /* PBXContainerItemProxy */;
		};
		98CFE7CE1827AB3F001A1847 /* PBXTargetDependency */ = {
			isa = PBXTargetDependency;
			name = "Static Library";
			targetProxy = 98CFE7CD1827AB3F001A1847 /* PBXContainerItemProxy */;
		};
		98CFE7D01827AB3F001A1847 /* PBXTargetDependency */ = {
			isa = PBXTargetDependency;
			name = "Resource Bundle";
			targetProxy = 98CFE7CF1827AB3F001A1847 /* PBXContainerItemProxy */;
		};
/* End PBXTargetDependency section */

/* Begin PBXVariantGroup section */
		98CFE71C1827A535001A1847 /* InfoPlist.strings */ = {
			isa = PBXVariantGroup;
			children = (
				98CFE71D1827A535001A1847 /* en */,
			);
			name = InfoPlist.strings;
			sourceTree = "<group>";
		};
		98CFE7251827A535001A1847 /* Main_iPhone.storyboard */ = {
			isa = PBXVariantGroup;
			children = (
				98CFE7261827A535001A1847 /* Base */,
			);
			name = Main_iPhone.storyboard;
			sourceTree = "<group>";
		};
		98CFE7281827A535001A1847 /* Main_iPad.storyboard */ = {
			isa = PBXVariantGroup;
			children = (
				98CFE7291827A535001A1847 /* Base */,
			);
			name = Main_iPad.storyboard;
			sourceTree = "<group>";
		};
		98CFE73E1827A535001A1847 /* InfoPlist.strings */ = {
			isa = PBXVariantGroup;
			children = (
				98CFE73F1827A535001A1847 /* en */,
			);
			name = InfoPlist.strings;
			sourceTree = "<group>";
		};
/* End PBXVariantGroup section */

/* Begin XCBuildConfiguration section */
		98CFE7431827A535001A1847 /* Debug */ = {
			isa = XCBuildConfiguration;
			buildSettings = {
				ALWAYS_SEARCH_USER_PATHS = NO;
				ARCHS = "$(ARCHS_STANDARD_INCLUDING_64_BIT)";
				CLANG_CXX_LANGUAGE_STANDARD = "gnu++0x";
				CLANG_CXX_LIBRARY = "libc++";
				CLANG_ENABLE_MODULES = YES;
				CLANG_ENABLE_OBJC_ARC = YES;
				CLANG_WARN_BOOL_CONVERSION = YES;
				CLANG_WARN_CONSTANT_CONVERSION = YES;
				CLANG_WARN_DIRECT_OBJC_ISA_USAGE = YES_ERROR;
				CLANG_WARN_EMPTY_BODY = YES;
				CLANG_WARN_ENUM_CONVERSION = YES;
				CLANG_WARN_INT_CONVERSION = YES;
				CLANG_WARN_OBJC_ROOT_CLASS = YES_ERROR;
				CLANG_WARN__DUPLICATE_METHOD_MATCH = YES;
				"CODE_SIGN_IDENTITY[sdk=iphoneos*]" = "iPhone Developer";
				COPY_PHASE_STRIP = NO;
				GCC_C_LANGUAGE_STANDARD = gnu99;
				GCC_DYNAMIC_NO_PIC = NO;
				GCC_OPTIMIZATION_LEVEL = 0;
				GCC_PREPROCESSOR_DEFINITIONS = (
					"DEBUG=1",
					"$(inherited)",
				);
				GCC_SYMBOLS_PRIVATE_EXTERN = NO;
				GCC_WARN_64_TO_32_BIT_CONVERSION = YES;
				GCC_WARN_ABOUT_RETURN_TYPE = YES_ERROR;
				GCC_WARN_UNDECLARED_SELECTOR = YES;
				GCC_WARN_UNINITIALIZED_AUTOS = YES;
				GCC_WARN_UNUSED_FUNCTION = YES;
				GCC_WARN_UNUSED_VARIABLE = YES;
				IPHONEOS_DEPLOYMENT_TARGET = 7.0;
				ONLY_ACTIVE_ARCH = YES;
				SDKROOT = iphoneos;
				TARGETED_DEVICE_FAMILY = "1,2";
			};
			name = Debug;
		};
		98CFE7441827A535001A1847 /* Release */ = {
			isa = XCBuildConfiguration;
			buildSettings = {
				ALWAYS_SEARCH_USER_PATHS = NO;
				ARCHS = "$(ARCHS_STANDARD_INCLUDING_64_BIT)";
				CLANG_CXX_LANGUAGE_STANDARD = "gnu++0x";
				CLANG_CXX_LIBRARY = "libc++";
				CLANG_ENABLE_MODULES = YES;
				CLANG_ENABLE_OBJC_ARC = YES;
				CLANG_WARN_BOOL_CONVERSION = YES;
				CLANG_WARN_CONSTANT_CONVERSION = YES;
				CLANG_WARN_DIRECT_OBJC_ISA_USAGE = YES_ERROR;
				CLANG_WARN_EMPTY_BODY = YES;
				CLANG_WARN_ENUM_CONVERSION = YES;
				CLANG_WARN_INT_CONVERSION = YES;
				CLANG_WARN_OBJC_ROOT_CLASS = YES_ERROR;
				CLANG_WARN__DUPLICATE_METHOD_MATCH = YES;
				"CODE_SIGN_IDENTITY[sdk=iphoneos*]" = "iPhone Developer";
				COPY_PHASE_STRIP = YES;
				ENABLE_NS_ASSERTIONS = NO;
				GCC_C_LANGUAGE_STANDARD = gnu99;
				GCC_WARN_64_TO_32_BIT_CONVERSION = YES;
				GCC_WARN_ABOUT_RETURN_TYPE = YES_ERROR;
				GCC_WARN_UNDECLARED_SELECTOR = YES;
				GCC_WARN_UNINITIALIZED_AUTOS = YES;
				GCC_WARN_UNUSED_FUNCTION = YES;
				GCC_WARN_UNUSED_VARIABLE = YES;
				IPHONEOS_DEPLOYMENT_TARGET = 7.0;
				SDKROOT = iphoneos;
				TARGETED_DEVICE_FAMILY = "1,2";
				VALIDATE_PRODUCT = YES;
			};
			name = Release;
		};
		98CFE7461827A535001A1847 /* Debug */ = {
			isa = XCBuildConfiguration;
			buildSettings = {
				ASSETCATALOG_COMPILER_APPICON_NAME = AppIcon;
				ASSETCATALOG_COMPILER_LAUNCHIMAGE_NAME = LaunchImage;
				FRAMEWORK_SEARCH_PATHS = (
					"$(inherited)",
					"/Users/kazukoba/Google\\ ドライブ/Development/iOS/Sample/ShareKit/SampleShareKit/Submodules/ShareKit/Frameworks",
				);
				GCC_PRECOMPILE_PREFIX_HEADER = YES;
				GCC_PREFIX_HEADER = "SampleShareKit/SampleShareKit-Prefix.pch";
				INFOPLIST_FILE = "SampleShareKit/SampleShareKit-Info.plist";
				OTHER_LDFLAGS = (
					"-all_load",
					"-ObjC",
				);
				PRODUCT_NAME = "$(TARGET_NAME)";
				USER_HEADER_SEARCH_PATHS = "Submodules/**";
				WRAPPER_EXTENSION = app;
			};
			name = Debug;
		};
		98CFE7471827A535001A1847 /* Release */ = {
			isa = XCBuildConfiguration;
			buildSettings = {
				ASSETCATALOG_COMPILER_APPICON_NAME = AppIcon;
				ASSETCATALOG_COMPILER_LAUNCHIMAGE_NAME = LaunchImage;
				FRAMEWORK_SEARCH_PATHS = (
					"$(inherited)",
					"/Users/kazukoba/Google\\ ドライブ/Development/iOS/Sample/ShareKit/SampleShareKit/Submodules/ShareKit/Frameworks",
				);
				GCC_PRECOMPILE_PREFIX_HEADER = YES;
				GCC_PREFIX_HEADER = "SampleShareKit/SampleShareKit-Prefix.pch";
				INFOPLIST_FILE = "SampleShareKit/SampleShareKit-Info.plist";
				OTHER_LDFLAGS = (
					"-all_load",
					"-ObjC",
				);
				PRODUCT_NAME = "$(TARGET_NAME)";
				USER_HEADER_SEARCH_PATHS = "Submodules/**";
				WRAPPER_EXTENSION = app;
			};
			name = Release;
		};
		98CFE7491827A535001A1847 /* Debug */ = {
			isa = XCBuildConfiguration;
			buildSettings = {
				ARCHS = "$(ARCHS_STANDARD_INCLUDING_64_BIT)";
				BUNDLE_LOADER = "$(BUILT_PRODUCTS_DIR)/SampleShareKit.app/SampleShareKit";
				FRAMEWORK_SEARCH_PATHS = (
					"$(SDKROOT)/Developer/Library/Frameworks",
					"$(inherited)",
					"$(DEVELOPER_FRAMEWORKS_DIR)",
				);
				GCC_PRECOMPILE_PREFIX_HEADER = YES;
				GCC_PREFIX_HEADER = "SampleShareKit/SampleShareKit-Prefix.pch";
				GCC_PREPROCESSOR_DEFINITIONS = (
					"DEBUG=1",
					"$(inherited)",
				);
				INFOPLIST_FILE = "SampleShareKitTests/SampleShareKitTests-Info.plist";
				PRODUCT_NAME = "$(TARGET_NAME)";
				TEST_HOST = "$(BUNDLE_LOADER)";
				WRAPPER_EXTENSION = xctest;
			};
			name = Debug;
		};
		98CFE74A1827A535001A1847 /* Release */ = {
			isa = XCBuildConfiguration;
			buildSettings = {
				ARCHS = "$(ARCHS_STANDARD_INCLUDING_64_BIT)";
				BUNDLE_LOADER = "$(BUILT_PRODUCTS_DIR)/SampleShareKit.app/SampleShareKit";
				FRAMEWORK_SEARCH_PATHS = (
					"$(SDKROOT)/Developer/Library/Frameworks",
					"$(inherited)",
					"$(DEVELOPER_FRAMEWORKS_DIR)",
				);
				GCC_PRECOMPILE_PREFIX_HEADER = YES;
				GCC_PREFIX_HEADER = "SampleShareKit/SampleShareKit-Prefix.pch";
				INFOPLIST_FILE = "SampleShareKitTests/SampleShareKitTests-Info.plist";
				PRODUCT_NAME = "$(TARGET_NAME)";
				TEST_HOST = "$(BUNDLE_LOADER)";
				WRAPPER_EXTENSION = xctest;
			};
			name = Release;
		};
/* End XCBuildConfiguration section */

/* Begin XCConfigurationList section */
		98CFE70B1827A534001A1847 /* Build configuration list for PBXProject "SampleShareKit" */ = {
			isa = XCConfigurationList;
			buildConfigurations = (
				98CFE7431827A535001A1847 /* Debug */,
				98CFE7441827A535001A1847 /* Release */,
			);
			defaultConfigurationIsVisible = 0;
			defaultConfigurationName = Release;
		};
		98CFE7451827A535001A1847 /* Build configuration list for PBXNativeTarget "SampleShareKit" */ = {
			isa = XCConfigurationList;
			buildConfigurations = (
				98CFE7461827A535001A1847 /* Debug */,
				98CFE7471827A535001A1847 /* Release */,
			);
			defaultConfigurationIsVisible = 0;
			defaultConfigurationName = Release;
		};
		98CFE7481827A535001A1847 /* Build configuration list for PBXNativeTarget "SampleShareKitTests" */ = {
			isa = XCConfigurationList;
			buildConfigurations = (
				98CFE7491827A535001A1847 /* Debug */,
				98CFE74A1827A535001A1847 /* Release */,
			);
			defaultConfigurationIsVisible = 0;
			defaultConfigurationName = Release;
		};
/* End XCConfigurationList section */
	};
	rootObject = 98CFE7081827A534001A1847 /* Project object */;
}
